
Microsoft Visual Studio Solution File, Format Version 12.00
# Visual Studio Version 17
VisualStudioVersion = 17.8.34330.188
MinimumVisualStudioVersion = 10.0.40219.1
Project("{FAE04EC0-301F-11D3-BF4B-00C04F79EFBC}") = "RPS GAME", "WindowsFormsApp7\RPS GAME.csproj", "{031B4526-E53E-4ACE-B65A-162413528D85}"
EndProject
Global
	GlobalSection(SolutionConfigurationPlatforms) = preSolution
		Debug|Any CPU = Debug|Any CPU
		Release|Any CPU = Release|Any CPU
	EndGlobalSection
	GlobalSection(ProjectConfigurationPlatforms) = postSolution
		{031B4526-E53E-4ACE-B65A-162413528D85}.Debug|Any CPU.ActiveCfg = Debug|Any CPU
		{031B4526-E53E-4ACE-B65A-162413528D85}.Debug|Any CPU.Build.0 = Debug|Any CPU
		{031B4526-E53E-4ACE-B65A-162413528D85}.Release|Any CPU.ActiveCfg = Release|Any CPU
		{031B4526-E53E-4ACE-B65A-162413528D85}.Release|Any CPU.Build.0 = Release|Any CPU
	EndGlobalSection
	GlobalSection(SolutionProperties) = preSolution
		HideSolutionNode = FALSE
	EndGlobalSection
	GlobalSection(ExtensibilityGlobals) = postSolution
		SolutionGuid = {E90ECCA2-E850-4F4F-B84B-2107B6B388CD}
	EndGlobalSection
EndGlobal
